
Microsoft Visual Studio Solution File, Format Version 12.00
# Visual Studio Version 16
VisualStudioVersion = 16.0.30907.101
MinimumVisualStudioVersion = 10.0.40219.1
Project("{FAE04EC0-301F-11D3-BF4B-00C04F79EFBC}") = "Polibiya", "Polibiya.csproj", "{9F0ED089-0549-4DF1-9458-76C47DC9EFCF}"
EndProject
Global
	GlobalSection(SolutionConfigurationPlatforms) = preSolution
		Debug|Any CPU = Debug|Any CPU
		Release|Any CPU = Release|Any CPU
	EndGlobalSection
	GlobalSection(ProjectConfigurationPlatforms) = postSolution
		{9F0ED089-0549-4DF1-9458-76C47DC9EFCF}.Debug|Any CPU.ActiveCfg = Debug|Any CPU
		{9F0ED089-0549-4DF1-9458-76C47DC9EFCF}.Debug|Any CPU.Build.0 = Debug|Any CPU
		{9F0ED089-0549-4DF1-9458-76C47DC9EFCF}.Release|Any CPU.ActiveCfg = Release|Any CPU
		{9F0ED089-0549-4DF1-9458-76C47DC9EFCF}.Release|Any CPU.Build.0 = Release|Any CPU
	EndGlobalSection
	GlobalSection(SolutionProperties) = preSolution
		HideSolutionNode = FALSE
	EndGlobalSection
	GlobalSection(ExtensibilityGlobals) = postSolution
		SolutionGuid = {D80CBB1B-2EE2-4ED4-8E24-C913C8D81D57}
	EndGlobalSection
EndGlobal
